
Microsoft Visual Studio Solution File, Format Version 12.00
# Visual Studio Version 16
VisualStudioVersion = 16.0.30804.86
MinimumVisualStudioVersion = 10.0.40219.1
Project("{888888A0-9F3D-457C-B088-3A5042F75D52}") = "PathingApp", "PathingApp.pyproj", "{A6E6BA99-F23F-46B5-876E-AD230B5CE4B9}"
EndProject
Global
	GlobalSection(SolutionConfigurationPlatforms) = preSolution
		Debug|Any CPU = Debug|Any CPU
		Release|Any CPU = Release|Any CPU
	EndGlobalSection
	GlobalSection(ProjectConfigurationPlatforms) = postSolution
		{A6E6BA99-F23F-46B5-876E-AD230B5CE4B9}.Debug|Any CPU.ActiveCfg = Debug|Any CPU
		{A6E6BA99-F23F-46B5-876E-AD230B5CE4B9}.Release|Any CPU.ActiveCfg = Release|Any CPU
	EndGlobalSection
	GlobalSection(SolutionProperties) = preSolution
		HideSolutionNode = FALSE
	EndGlobalSection
	GlobalSection(ExtensibilityGlobals) = postSolution
		SolutionGuid = {C8A92CF5-57DF-4F13-9B78-138C8ED9330C}
	EndGlobalSection
EndGlobal
